<Solution>
  <Folder Name="/DataAccess/">
    <Project Path="DailyVitals.Data/DailyVitals.Data.csproj" />
  </Folder>
  <Folder Name="/Domain/">
    <Project Path="DailyVitals.Domain/DailyVitals.Domain.csproj" />
  </Folder>
  <Folder Name="/Presentation/">
    <Project Path="DailyVitalsApp/DailyVitalsApp.csproj" />
  </Folder>
</Solution>
